<?xml version="1.0" encoding="utf-8"?>
<Project ToolsVersion="4.0" xmlns="http://schemas.microsoft.com/developer/msbuild/2003">
  <ItemGroup>
    <Filter Include="Source Files">
      <UniqueIdentifier>{4FC737F1-C7A5-4376-A066-2A32D752A2FF}</UniqueIdentifier>
      <Extensions>cpp;c;cc;cxx;def;odl;idl;hpj;bat;asm;asmx</Extensions>
    </Filter>
    <Filter Include="Header Files">
      <UniqueIdentifier>{93995380-89BD-4b04-88EB-625FBE52EBFB}</UniqueIdentifier>
      <Extensions>h;hh;hpp;hxx;hm;inl;inc;ipp;xsd</Extensions>
    </Filter>
    <Filter Include="Resource Files">
      <UniqueIdentifier>{67DA6AB6-F800-4c08-8B7A-83BB121AAD01}</UniqueIdentifier>
      <Extensions>rc;ico;cur;bmp;dlg;rc2;rct;bin;rgs;gif;jpg;jpeg;jpe;resx;tiff;tif;png;wav;mfcribbon-ms</Extensions>
    </Filter>
  </ItemGroup>
  <ItemGroup>
    <ClCompile Include="src.c">
      <Filter>Source Files</Filter>
    </ClCompile>
    <ClCompile Include="lib\stack\src\stack_dynamic.c">
      <Filter>Source Files</Filter>
    </ClCompile>
    <ClCompile Include="trash\stack\src\stack_dynamic_t.c">
      <Filter>Source Files</Filter>
    </ClCompile>
    <ClCompile Include="lib\queue\src\queue_dynamic.c">
      <Filter>Source Files</Filter>
    </ClCompile>
    <ClCompile Include="trash\queue\src\queue_t.c">
      <Filter>Source Files</Filter>
    </ClCompile>
    <ClCompile Include="trash\queue\src\queue_dynamic_t.c">
      <Filter>Source Files</Filter>
    </ClCompile>
    <ClCompile Include="lib\list\src\single_list.c">
      <Filter>Source Files</Filter>
    </ClCompile>
    <ClCompile Include="lib\list\src\double_list.c">
      <Filter>Source Files</Filter>
    </ClCompile>
    <ClCompile Include="lib\list\src\circular_list.c">
      <Filter>Source Files</Filter>
    </ClCompile>
    <ClCompile Include="trash\list\src\single_list_t.c">
      <Filter>Source Files</Filter>
    </ClCompile>
    <ClCompile Include="trash\list\src\double_list_t.c">
      <Filter>Source Files</Filter>
    </ClCompile>
    <ClCompile Include="trash\list\src\circular_list_t.c">
      <Filter>Source Files</Filter>
    </ClCompile>
    <ClCompile Include="trash\list\src\single_list_static_t.c">
      <Filter>Source Files</Filter>
    </ClCompile>
    <ClCompile Include="lib\list\src\single_list_static.c">
      <Filter>Source Files</Filter>
    </ClCompile>
    <ClCompile Include="lib\tree\binary_search_tree\src\binary_search_tree.c">
      <Filter>Source Files</Filter>
    </ClCompile>
    <ClCompile Include="lib\queue\src\queue_static.c">
      <Filter>Source Files</Filter>
    </ClCompile>
    <ClCompile Include="lib\stack\src\stack_static.c">
      <Filter>Source Files</Filter>
    </ClCompile>
    <ClCompile Include="trash\stack\src\stack_static_t.c">
      <Filter>Source Files</Filter>
    </ClCompile>
  </ItemGroup>
  <ItemGroup>
    <ClInclude Include="include\include.h">
      <Filter>Header Files</Filter>
    </ClInclude>
    <ClInclude Include="include\lib.h">
      <Filter>Header Files</Filter>
    </ClInclude>
    <ClInclude Include="include\trash.h">
      <Filter>Header Files</Filter>
    </ClInclude>
    <ClInclude Include="lib\stack\api\stack_dynamic.h">
      <Filter>Header Files</Filter>
    </ClInclude>
    <ClInclude Include="trash\stack\api\stack_dynamic_t.h">
      <Filter>Header Files</Filter>
    </ClInclude>
    <ClInclude Include="lib\queue\api\queue_dynamic.h">
      <Filter>Header Files</Filter>
    </ClInclude>
    <ClInclude Include="trash\queue\api\queue_t.h">
      <Filter>Header Files</Filter>
    </ClInclude>
    <ClInclude Include="trash\queue\api\queue_dynamic_t.h">
      <Filter>Header Files</Filter>
    </ClInclude>
    <ClInclude Include="lib\list\api\single_list.h">
      <Filter>Header Files</Filter>
    </ClInclude>
    <ClInclude Include="lib\list\api\double_list.h">
      <Filter>Header Files</Filter>
    </ClInclude>
    <ClInclude Include="lib\list\api\circular_list.h">
      <Filter>Header Files</Filter>
    </ClInclude>
    <ClInclude Include="trash\list\api\single_list_t.h">
      <Filter>Header Files</Filter>
    </ClInclude>
    <ClInclude Include="trash\list\api\double_list_t.h">
      <Filter>Header Files</Filter>
    </ClInclude>
    <ClInclude Include="trash\list\api\circular_list_t.h">
      <Filter>Header Files</Filter>
    </ClInclude>
    <ClInclude Include="trash\list\api\single_list_static_t.h">
      <Filter>Header Files</Filter>
    </ClInclude>
    <ClInclude Include="lib\list\api\single_list_static.h">
      <Filter>Header Files</Filter>
    </ClInclude>
    <ClInclude Include="lib\tree\binary_search_tree\api\binary_search_tree.h">
      <Filter>Header Files</Filter>
    </ClInclude>
    <ClInclude Include="trash\tree\src\binary_search_tree_t.c">
      <Filter>Header Files</Filter>
    </ClInclude>
    <ClInclude Include="trash\tree\api\binary_search_tree_t.h">
      <Filter>Header Files</Filter>
    </ClInclude>
    <ClInclude Include="lib\queue\api\queue_static.h">
      <Filter>Header Files</Filter>
    </ClInclude>
    <ClInclude Include="lib\stack\api\stack_static.h">
      <Filter>Header Files</Filter>
    </ClInclude>
    <ClInclude Include="trash\stack\api\stack_static_t.h">
      <Filter>Header Files</Filter>
    </ClInclude>
  </ItemGroup>
</Project>